// !$*UTF8*$!
{
	archiveVersion = 1;
	classes = {
	};
	objectVersion = 50;
	objects = {

/* Begin PBXBuildFile section */
		BB33E2BD250D3B2800F77885 /* AppDelegate.swift in Sources */ = {isa = PBXBuildFile; fileRef = BB33E2BC250D3B2800F77885 /* AppDelegate.swift */; };
		BB33E2BF250D3B2800F77885 /* SceneDelegate.swift in Sources */ = {isa = PBXBuildFile; fileRef = BB33E2BE250D3B2800F77885 /* SceneDelegate.swift */; };
		BB33E2C1250D3B2800F77885 /* ViewController.swift in Sources */ = {isa = PBXBuildFile; fileRef = BB33E2C0250D3B2800F77885 /* ViewController.swift */; };
		BB33E2C4250D3B2800F77885 /* Main.storyboard in Resources */ = {isa = PBXBuildFile; fileRef = BB33E2C2250D3B2800F77885 /* Main.storyboard */; };
		BB33E2C6250D3B2A00F77885 /* Assets.xcassets in Resources */ = {isa = PBXBuildFile; fileRef = BB33E2C5250D3B2A00F77885 /* Assets.xcassets */; };
		BB33E2C9250D3B2A00F77885 /* LaunchScreen.storyboard in Resources */ = {isa = PBXBuildFile; fileRef = BB33E2C7250D3B2A00F77885 /* LaunchScreen.storyboard */; };
		BB33E2D1250D3B7D00F77885 /* Question.swift in Sources */ = {isa = PBXBuildFile; fileRef = BB33E2D0250D3B7D00F77885 /* Question.swift */; };
		BB5394C5250D7C0700101BF2 /* Primary Task.swift in Sources */ = {isa = PBXBuildFile; fileRef = BB5394C4250D7C0700101BF2 /* Primary Task.swift */; };
/* End PBXBuildFile section */

/* Begin PBXFileReference section */
		BB33E2B9250D3B2800F77885 /* CardinalProject.app */ = {isa = PBXFileReference; explicitFileType = wrapper.application; includeInIndex = 0; path = CardinalProject.app; sourceTree = BUILT_PRODUCTS_DIR; };
		BB33E2BC250D3B2800F77885 /* AppDelegate.swift */ = {isa = PBXFileReference; lastKnownFileType = sourcecode.swift; path = AppDelegate.swift; sourceTree = "<group>"; };
		BB33E2BE250D3B2800F77885 /* SceneDelegate.swift */ = {isa = PBXFileReference; lastKnownFileType = sourcecode.swift; path = SceneDelegate.swift; sourceTree = "<group>"; };
		BB33E2C0250D3B2800F77885 /* ViewController.swift */ = {isa = PBXFileReference; lastKnownFileType = sourcecode.swift; path = ViewController.swift; sourceTree = "<group>"; };
		BB33E2C3250D3B2800F77885 /* Base */ = {isa = PBXFileReference; lastKnownFileType = file.storyboard; name = Base; path = Base.lproj/Main.storyboard; sourceTree = "<group>"; };
		BB33E2C5250D3B2A00F77885 /* Assets.xcassets */ = {isa = PBXFileReference; lastKnownFileType = folder.assetcatalog; path = Assets.xcassets; sourceTree = "<group>"; };
		BB33E2C8250D3B2A00F77885 /* Base */ = {isa = PBXFileReference; lastKnownFileType = file.storyboard; name = Base; path = Base.lproj/LaunchScreen.storyboard; sourceTree = "<group>"; };
		BB33E2CA250D3B2A00F77885 /* Info.plist */ = {isa = PBXFileReference; lastKnownFileType = text.plist.xml; path = Info.plist; sourceTree = "<group>"; };
		BB33E2D0250D3B7D00F77885 /* Question.swift */ = {isa = PBXFileReference; lastKnownFileType = sourcecode.swift; path = Question.swift; sourceTree = "<group>"; };
		BB5394C4250D7C0700101BF2 /* Primary Task.swift */ = {isa = PBXFileReference; lastKnownFileType = sourcecode.swift; path = "Primary Task.swift"; sourceTree = "<group>"; };
/* End PBXFileReference section */

/* Begin PBXFrameworksBuildPhase section */
		BB33E2B6250D3B2800F77885 /* Frameworks */ = {
			isa = PBXFrameworksBuildPhase;
			buildActionMask = 2147483647;
			files = (
			);
			runOnlyForDeploymentPostprocessing = 0;
		};
/* End PBXFrameworksBuildPhase section */

/* Begin PBXGroup section */
		BB33E2B0250D3B2800F77885 = {
			isa = PBXGroup;
			children = (
				BB33E2BB250D3B2800F77885 /* CardinalProject */,
				BB33E2BA250D3B2800F77885 /* Products */,
			);
			sourceTree = "<group>";
		};
		BB33E2BA250D3B2800F77885 /* Products */ = {
			isa = PBXGroup;
			children = (
				BB33E2B9250D3B2800F77885 /* CardinalProject.app */,
			);
			name = Products;
			sourceTree = "<group>";
		};
		BB33E2BB250D3B2800F77885 /* CardinalProject */ = {
			isa = PBXGroup;
			children = (
				BB5394C0250D7A4700101BF2 /* Views */,
				BB5394BF250D7A3500101BF2 /* Models */,
				BB5394C1250D7A5F00101BF2 /* Controllers */,
				BB33E2BC250D3B2800F77885 /* AppDelegate.swift */,
				BB33E2BE250D3B2800F77885 /* SceneDelegate.swift */,
				BB33E2C5250D3B2A00F77885 /* Assets.xcassets */,
				BB33E2C7250D3B2A00F77885 /* LaunchScreen.storyboard */,
				BB33E2CA250D3B2A00F77885 /* Info.plist */,
				BB33E2D0250D3B7D00F77885 /* Question.swift */,
			);
			path = CardinalProject;
			sourceTree = "<group>";
		};
		BB5394BF250D7A3500101BF2 /* Models */ = {
			isa = PBXGroup;
			children = (
			);
			name = Models;
			sourceTree = "<group>";
		};
		BB5394C0250D7A4700101BF2 /* Views */ = {
			isa = PBXGroup;
			children = (
				BB33E2C2250D3B2800F77885 /* Main.storyboard */,
			);
			name = Views;
			sourceTree = "<group>";
		};
		BB5394C1250D7A5F00101BF2 /* Controllers */ = {
			isa = PBXGroup;
			children = (
				BB33E2C0250D3B2800F77885 /* ViewController.swift */,
				BB5394C4250D7C0700101BF2 /* Primary Task.swift */,
			);
			name = Controllers;
			sourceTree = "<group>";
		};
/* End PBXGroup section */

/* Begin PBXNativeTarget section */
		BB33E2B8250D3B2800F77885 /* CardinalProject */ = {
			isa = PBXNativeTarget;
			buildConfigurationList = BB33E2CD250D3B2A00F77885 /* Build configuration list for PBXNativeTarget "CardinalProject" */;
			buildPhases = (
				BB33E2B5250D3B2800F77885 /* Sources */,
				BB33E2B6250D3B2800F77885 /* Frameworks */,
				BB33E2B7250D3B2800F77885 /* Resources */,
			);
			buildRules = (
			);
			dependencies = (
			);
			name = CardinalProject;
			productName = CardinalProject;
			productReference = BB33E2B9250D3B2800F77885 /* CardinalProject.app */;
			productType = "com.apple.product-type.application";
		};
/* End PBXNativeTarget section */

/* Begin PBXProject section */
		BB33E2B1250D3B2800F77885 /* Project object */ = {
			isa = PBXProject;
			attributes = {
				LastSwiftUpdateCheck = 1170;
				LastUpgradeCheck = 1170;
				ORGANIZATIONNAME = "Joseph Zhang";
				TargetAttributes = {
					BB33E2B8250D3B2800F77885 = {
						CreatedOnToolsVersion = 11.7;
					};
				};
			};
			buildConfigurationList = BB33E2B4250D3B2800F77885 /* Build configuration list for PBXProject "CardinalProject" */;
			compatibilityVersion = "Xcode 9.3";
			developmentRegion = en;
			hasScannedForEncodings = 0;
			knownRegions = (
				en,
				Base,
			);
			mainGroup = BB33E2B0250D3B2800F77885;
			productRefGroup = BB33E2BA250D3B2800F77885 /* Products */;
			projectDirPath = "";
			projectRoot = "";
			targets = (
				BB33E2B8250D3B2800F77885 /* CardinalProject */,
			);
		};
/* End PBXProject section */

/* Begin PBXResourcesBuildPhase section */
		BB33E2B7250D3B2800F77885 /* Resources */ = {
			isa = PBXResourcesBuildPhase;
			buildActionMask = 2147483647;
			files = (
				BB33E2C9250D3B2A00F77885 /* LaunchScreen.storyboard in Resources */,
				BB33E2C6250D3B2A00F77885 /* Assets.xcassets in Resources */,
				BB33E2C4250D3B2800F77885 /* Main.storyboard in Resources */,
			);
			runOnlyForDeploymentPostprocessing = 0;
		};
/* End PBXResourcesBuildPhase section */

/* Begin PBXSourcesBuildPhase section */
		BB33E2B5250D3B2800F77885 /* Sources */ = {
			isa = PBXSourcesBuildPhase;
			buildActionMask = 2147483647;
			files = (
				BB33E2C1250D3B2800F77885 /* ViewController.swift in Sources */,
				BB33E2D1250D3B7D00F77885 /* Question.swift in Sources */,
				BB5394C5250D7C0700101BF2 /* Primary Task.swift in Sources */,
				BB33E2BD250D3B2800F77885 /* AppDelegate.swift in Sources */,
				BB33E2BF250D3B2800F77885 /* SceneDelegate.swift in Sources */,
			);
			runOnlyForDeploymentPostprocessing = 0;
		};
/* End PBXSourcesBuildPhase section */

/* Begin PBXVariantGroup section */
		BB33E2C2250D3B2800F77885 /* Main.storyboard */ = {
			isa = PBXVariantGroup;
			children = (
				BB33E2C3250D3B2800F77885 /* Base */,
			);
			name = Main.storyboard;
			sourceTree = "<group>";
		};
		BB33E2C7250D3B2A00F77885 /* LaunchScreen.storyboard */ = {
			isa = PBXVariantGroup;
			children = (
				BB33E2C8250D3B2A00F77885 /* Base */,
			);
			name = LaunchScreen.storyboard;
			sourceTree = "<group>";
		};
/* End PBXVariantGroup section */

/* Begin XCBuildConfiguration section */
		BB33E2CB250D3B2A00F77885 /* Debug */ = {
			isa = XCBuildConfiguration;
			buildSettings = {
				ALWAYS_SEARCH_USER_PATHS = NO;
				CLANG_ANALYZER_NONNULL = YES;
				CLANG_ANALYZER_NUMBER_OBJECT_CONVERSION = YES_AGGRESSIVE;
				CLANG_CXX_LANGUAGE_STANDARD = "gnu++14";
				CLANG_CXX_LIBRARY = "libc++";
				CLANG_ENABLE_MODULES = YES;
				CLANG_ENABLE_OBJC_ARC = YES;
				CLANG_ENABLE_OBJC_WEAK = YES;
				CLANG_WARN_BLOCK_CAPTURE_AUTORELEASING = YES;
				CLANG_WARN_BOOL_CONVERSION = YES;
				CLANG_WARN_COMMA = YES;
				CLANG_WARN_CONSTANT_CONVERSION = YES;
				CLANG_WARN_DEPRECATED_OBJC_IMPLEMENTATIONS = YES;
				CLANG_WARN_DIRECT_OBJC_ISA_USAGE = YES_ERROR;
				CLANG_WARN_DOCUMENTATION_COMMENTS = YES;
				CLANG_WARN_EMPTY_BODY = YES;
				CLANG_WARN_ENUM_CONVERSION = YES;
				CLANG_WARN_INFINITE_RECURSION = YES;
				CLANG_WARN_INT_CONVERSION = YES;
				CLANG_WARN_NON_LITERAL_NULL_CONVERSION = YES;
				CLANG_WARN_OBJC_IMPLICIT_RETAIN_SELF = YES;
				CLANG_WARN_OBJC_LITERAL_CONVERSION = YES;
				CLANG_WARN_OBJC_ROOT_CLASS = YES_ERROR;
				CLANG_WARN_RANGE_LOOP_ANALYSIS = YES;
				CLANG_WARN_STRICT_PROTOTYPES = YES;
				CLANG_WARN_SUSPICIOUS_MOVE = YES;
				CLANG_WARN_UNGUARDED_AVAILABILITY = YES_AGGRESSIVE;
				CLANG_WARN_UNREACHABLE_CODE = YES;
				CLANG_WARN__DUPLICATE_METHOD_MATCH = YES;
				COPY_PHASE_STRIP = NO;
				DEBUG_INFORMATION_FORMAT = dwarf;
				ENABLE_STRICT_OBJC_MSGSEND = YES;
				ENABLE_TESTABILITY = YES;
				GCC_C_LANGUAGE_STANDARD = gnu11;
				GCC_DYNAMIC_NO_PIC = NO;
				GCC_NO_COMMON_BLOCKS = YES;
				GCC_OPTIMIZATION_LEVEL = 0;
				GCC_PREPROCESSOR_DEFINITIONS = (
					"DEBUG=1",
					"$(inherited)",
				);
				GCC_WARN_64_TO_32_BIT_CONVERSION = YES;
				GCC_WARN_ABOUT_RETURN_TYPE = YES_ERROR;
				GCC_WARN_UNDECLARED_SELECTOR = YES;
				GCC_WARN_UNINITIALIZED_AUTOS = YES_AGGRESSIVE;
				GCC_WARN_UNUSED_FUNCTION = YES;
				GCC_WARN_UNUSED_VARIABLE = YES;
				IPHONEOS_DEPLOYMENT_TARGET = 13.7;
				MTL_ENABLE_DEBUG_INFO = INCLUDE_SOURCE;
				MTL_FAST_MATH = YES;
				ONLY_ACTIVE_ARCH = YES;
				SDKROOT = iphoneos;
				SWIFT_ACTIVE_COMPILATION_CONDITIONS = DEBUG;
				SWIFT_OPTIMIZATION_LEVEL = "-Onone";
			};
			name = Debug;
		};
		BB33E2CC250D3B2A00F77885 /* Release */ = {
			isa = XCBuildConfiguration;
			buildSettings = {
				ALWAYS_SEARCH_USER_PATHS = NO;
				CLANG_ANALYZER_NONNULL = YES;
				CLANG_ANALYZER_NUMBER_OBJECT_CONVERSION = YES_AGGRESSIVE;
				CLANG_CXX_LANGUAGE_STANDARD = "gnu++14";
				CLANG_CXX_LIBRARY = "libc++";
				CLANG_ENABLE_MODULES = YES;
				CLANG_ENABLE_OBJC_ARC = YES;
				CLANG_ENABLE_OBJC_WEAK = YES;
				CLANG_WARN_BLOCK_CAPTURE_AUTORELEASING = YES;
				CLANG_WARN_BOOL_CONVERSION = YES;
				CLANG_WARN_COMMA = YES;
				CLANG_WARN_CONSTANT_CONVERSION = YES;
				CLANG_WARN_DEPRECATED_OBJC_IMPLEMENTATIONS = YES;
				CLANG_WARN_DIRECT_OBJC_ISA_USAGE = YES_ERROR;
				CLANG_WARN_DOCUMENTATION_COMMENTS = YES;
				CLANG_WARN_EMPTY_BODY = YES;
				CLANG_WARN_ENUM_CONVERSION = YES;
				CLANG_WARN_INFINITE_RECURSION = YES;
				CLANG_WARN_INT_CONVERSION = YES;
				CLANG_WARN_NON_LITERAL_NULL_CONVERSION = YES;
				CLANG_WARN_OBJC_IMPLICIT_RETAIN_SELF = YES;
				CLANG_WARN_OBJC_LITERAL_CONVERSION = YES;
				CLANG_WARN_OBJC_ROOT_CLASS = YES_ERROR;
				CLANG_WARN_RANGE_LOOP_ANALYSIS = YES;
				CLANG_WARN_STRICT_PROTOTYPES = YES;
				CLANG_WARN_SUSPICIOUS_MOVE = YES;
				CLANG_WARN_UNGUARDED_AVAILABILITY = YES_AGGRESSIVE;
				CLANG_WARN_UNREACHABLE_CODE = YES;
				CLANG_WARN__DUPLICATE_METHOD_MATCH = YES;
				COPY_PHASE_STRIP = NO;
				DEBUG_INFORMATION_FORMAT = "dwarf-with-dsym";
				ENABLE_NS_ASSERTIONS = NO;
				ENABLE_STRICT_OBJC_MSGSEND = YES;
				GCC_C_LANGUAGE_STANDARD = gnu11;
				GCC_NO_COMMON_BLOCKS = YES;
				GCC_WARN_64_TO_32_BIT_CONVERSION = YES;
				GCC_WARN_ABOUT_RETURN_TYPE = YES_ERROR;
				GCC_WARN_UNDECLARED_SELECTOR = YES;
				GCC_WARN_UNINITIALIZED_AUTOS = YES_AGGRESSIVE;
				GCC_WARN_UNUSED_FUNCTION = YES;
				GCC_WARN_UNUSED_VARIABLE = YES;
				IPHONEOS_DEPLOYMENT_TARGET = 13.7;
				MTL_ENABLE_DEBUG_INFO = NO;
				MTL_FAST_MATH = YES;
				SDKROOT = iphoneos;
				SWIFT_COMPILATION_MODE = wholemodule;
				SWIFT_OPTIMIZATION_LEVEL = "-O";
				VALIDATE_PRODUCT = YES;
			};
			name = Release;
		};
		BB33E2CE250D3B2A00F77885 /* Debug */ = {
			isa = XCBuildConfiguration;
			buildSettings = {
				ASSETCATALOG_COMPILER_APPICON_NAME = AppIcon;
				CODE_SIGN_STYLE = Automatic;
				DEVELOPMENT_TEAM = C5823VPQ4C;
				INFOPLIST_FILE = CardinalProject/Info.plist;
				LD_RUNPATH_SEARCH_PATHS = (
					"$(inherited)",
					"@executable_path/Frameworks",
				);
				PRODUCT_BUNDLE_IDENTIFIER = com.josephZhang.CardinalProject;
				PRODUCT_NAME = "$(TARGET_NAME)";
				SWIFT_VERSION = 5.0;
				TARGETED_DEVICE_FAMILY = "1,2";
			};
			name = Debug;
		};
		BB33E2CF250D3B2A00F77885 /* Release */ = {
			isa = XCBuildConfiguration;
			buildSettings = {
				ASSETCATALOG_COMPILER_APPICON_NAME = AppIcon;
				CODE_SIGN_STYLE = Automatic;
				DEVELOPMENT_TEAM = C5823VPQ4C;
				INFOPLIST_FILE = CardinalProject/Info.plist;
				LD_RUNPATH_SEARCH_PATHS = (
					"$(inherited)",
					"@executable_path/Frameworks",
				);
				PRODUCT_BUNDLE_IDENTIFIER = com.josephZhang.CardinalProject;
				PRODUCT_NAME = "$(TARGET_NAME)";
				SWIFT_VERSION = 5.0;
				TARGETED_DEVICE_FAMILY = "1,2";
			};
			name = Release;
		};
/* End XCBuildConfiguration section */

/* Begin XCConfigurationList section */
		BB33E2B4250D3B2800F77885 /* Build configuration list for PBXProject "CardinalProject" */ = {
			isa = XCConfigurationList;
			buildConfigurations = (
				BB33E2CB250D3B2A00F77885 /* Debug */,
				BB33E2CC250D3B2A00F77885 /* Release */,
			);
			defaultConfigurationIsVisible = 0;
			defaultConfigurationName = Release;
		};
		BB33E2CD250D3B2A00F77885 /* Build configuration list for PBXNativeTarget "CardinalProject" */ = {
			isa = XCConfigurationList;
			buildConfigurations = (
				BB33E2CE250D3B2A00F77885 /* Debug */,
				BB33E2CF250D3B2A00F77885 /* Release */,
			);
			defaultConfigurationIsVisible = 0;
			defaultConfigurationName = Release;
		};
/* End XCConfigurationList section */
	};
	rootObject = BB33E2B1250D3B2800F77885 /* Project object */;
}
